// !$*UTF8*$!
{
	archiveVersion = 1;
	classes = {
	};
	objectVersion = 55;
	objects = {

/* Begin PBXBuildFile section */
		E30E850727B7136A00A26839 /* CloudKit.framework in Frameworks */ = {isa = PBXBuildFile; fileRef = E30E850627B7136A00A26839 /* CloudKit.framework */; };
		E334EEC727B70893009C47B2 /* Recipe+CDHelpers.swift in Sources */ = {isa = PBXBuildFile; fileRef = E334EEC627B70893009C47B2 /* Recipe+CDHelpers.swift */; };
		E343462527B96499006D97B6 /* RecipeDetailView.swift in Sources */ = {isa = PBXBuildFile; fileRef = E343462427B96499006D97B6 /* RecipeDetailView.swift */; };
		E343462727B9AC94006D97B6 /* RecipeRepository.swift in Sources */ = {isa = PBXBuildFile; fileRef = E343462627B9AC94006D97B6 /* RecipeRepository.swift */; };
		E343462A27B9B84E006D97B6 /* NewRecipeView.swift in Sources */ = {isa = PBXBuildFile; fileRef = E343462927B9B84E006D97B6 /* NewRecipeView.swift */; };
		E343462C27B9B85C006D97B6 /* NewRecipeViewModel.swift in Sources */ = {isa = PBXBuildFile; fileRef = E343462B27B9B85C006D97B6 /* NewRecipeViewModel.swift */; };
		E343462F27B9C115006D97B6 /* Ingredient+CDHelpers.swift in Sources */ = {isa = PBXBuildFile; fileRef = E343462E27B9C115006D97B6 /* Ingredient+CDHelpers.swift */; };
		E343463327B9C1E2006D97B6 /* CookingStep+CDHelpers.swift in Sources */ = {isa = PBXBuildFile; fileRef = E343463227B9C1E2006D97B6 /* CookingStep+CDHelpers.swift */; };
		E343463527B9E4E2006D97B6 /* AddIngredientView.swift in Sources */ = {isa = PBXBuildFile; fileRef = E343463427B9E4E2006D97B6 /* AddIngredientView.swift */; };
		E343463727B9F349006D97B6 /* AddInstructionView.swift in Sources */ = {isa = PBXBuildFile; fileRef = E343463627B9F349006D97B6 /* AddInstructionView.swift */; };
		E368A8EA27B6E49B00216E53 /* Kitchen_SinkApp.swift in Sources */ = {isa = PBXBuildFile; fileRef = E368A8E927B6E49B00216E53 /* Kitchen_SinkApp.swift */; };
		E368A8EC27B6E49B00216E53 /* ContentView.swift in Sources */ = {isa = PBXBuildFile; fileRef = E368A8EB27B6E49B00216E53 /* ContentView.swift */; };
		E368A8EE27B6E49C00216E53 /* Assets.xcassets in Resources */ = {isa = PBXBuildFile; fileRef = E368A8ED27B6E49C00216E53 /* Assets.xcassets */; };
		E368A8F127B6E49C00216E53 /* Preview Assets.xcassets in Resources */ = {isa = PBXBuildFile; fileRef = E368A8F027B6E49C00216E53 /* Preview Assets.xcassets */; };
		E368A8F327B6E49C00216E53 /* Persistence.swift in Sources */ = {isa = PBXBuildFile; fileRef = E368A8F227B6E49C00216E53 /* Persistence.swift */; };
		E368A8F627B6E49C00216E53 /* Kitchen-Sink.xcdatamodeld in Sources */ = {isa = PBXBuildFile; fileRef = E368A8F427B6E49C00216E53 /* Kitchen-Sink.xcdatamodeld */; };
		E368A90027B6E49C00216E53 /* Kitchen_SinkTests.swift in Sources */ = {isa = PBXBuildFile; fileRef = E368A8FF27B6E49C00216E53 /* Kitchen_SinkTests.swift */; };
		E368A90A27B6E49C00216E53 /* Kitchen_SinkUITests.swift in Sources */ = {isa = PBXBuildFile; fileRef = E368A90927B6E49C00216E53 /* Kitchen_SinkUITests.swift */; };
		E368A90C27B6E49C00216E53 /* Kitchen_SinkUITestsLaunchTests.swift in Sources */ = {isa = PBXBuildFile; fileRef = E368A90B27B6E49C00216E53 /* Kitchen_SinkUITestsLaunchTests.swift */; };
		E368A91D27B701CA00216E53 /* MealCategory.swift in Sources */ = {isa = PBXBuildFile; fileRef = E368A91C27B701CA00216E53 /* MealCategory.swift */; };
		E368A92027B7036300216E53 /* RecipesView.swift in Sources */ = {isa = PBXBuildFile; fileRef = E368A91F27B7036300216E53 /* RecipesView.swift */; };
		E368A92327B703A100216E53 /* MealPlanningView.swift in Sources */ = {isa = PBXBuildFile; fileRef = E368A92227B703A100216E53 /* MealPlanningView.swift */; };
		E368A92627B7041B00216E53 /* RecipeListItemView.swift in Sources */ = {isa = PBXBuildFile; fileRef = E368A92527B7041B00216E53 /* RecipeListItemView.swift */; };
		E368A92827B704EE00216E53 /* RecipeThumbnailView.swift in Sources */ = {isa = PBXBuildFile; fileRef = E368A92727B704EE00216E53 /* RecipeThumbnailView.swift */; };
		E3CA5C8427BC374200112D81 /* Color+AppColors.swift in Sources */ = {isa = PBXBuildFile; fileRef = E3CA5C8327BC374200112D81 /* Color+AppColors.swift */; };
		E3CA5C8927BC56B400112D81 /* ImageDataPicker.swift in Sources */ = {isa = PBXBuildFile; fileRef = E3CA5C8827BC56B400112D81 /* ImageDataPicker.swift */; };
		E3DEEE2027B94E12009F10E8 /* RecipesViewModel.swift in Sources */ = {isa = PBXBuildFile; fileRef = E3DEEE1F27B94E12009F10E8 /* RecipesViewModel.swift */; };
/* End PBXBuildFile section */

/* Begin PBXContainerItemProxy section */
		E368A8FC27B6E49C00216E53 /* PBXContainerItemProxy */ = {
			isa = PBXContainerItemProxy;
			containerPortal = E368A8DE27B6E49B00216E53 /* Project object */;
			proxyType = 1;
			remoteGlobalIDString = E368A8E527B6E49B00216E53;
			remoteInfo = "Kitchen Sink";
		};
		E368A90627B6E49C00216E53 /* PBXContainerItemProxy */ = {
			isa = PBXContainerItemProxy;
			containerPortal = E368A8DE27B6E49B00216E53 /* Project object */;
			proxyType = 1;
			remoteGlobalIDString = E368A8E527B6E49B00216E53;
			remoteInfo = "Kitchen Sink";
		};
/* End PBXContainerItemProxy section */

/* Begin PBXFileReference section */
		E30E850627B7136A00A26839 /* CloudKit.framework */ = {isa = PBXFileReference; lastKnownFileType = wrapper.framework; name = CloudKit.framework; path = System/Library/Frameworks/CloudKit.framework; sourceTree = SDKROOT; };
		E334EEC627B70893009C47B2 /* Recipe+CDHelpers.swift */ = {isa = PBXFileReference; lastKnownFileType = sourcecode.swift; path = "Recipe+CDHelpers.swift"; sourceTree = "<group>"; };
		E343462427B96499006D97B6 /* RecipeDetailView.swift */ = {isa = PBXFileReference; lastKnownFileType = sourcecode.swift; path = RecipeDetailView.swift; sourceTree = "<group>"; };
		E343462627B9AC94006D97B6 /* RecipeRepository.swift */ = {isa = PBXFileReference; lastKnownFileType = sourcecode.swift; path = RecipeRepository.swift; sourceTree = "<group>"; };
		E343462927B9B84E006D97B6 /* NewRecipeView.swift */ = {isa = PBXFileReference; lastKnownFileType = sourcecode.swift; path = NewRecipeView.swift; sourceTree = "<group>"; };
		E343462B27B9B85C006D97B6 /* NewRecipeViewModel.swift */ = {isa = PBXFileReference; lastKnownFileType = sourcecode.swift; path = NewRecipeViewModel.swift; sourceTree = "<group>"; };
		E343462E27B9C115006D97B6 /* Ingredient+CDHelpers.swift */ = {isa = PBXFileReference; lastKnownFileType = sourcecode.swift; path = "Ingredient+CDHelpers.swift"; sourceTree = "<group>"; };
		E343463227B9C1E2006D97B6 /* CookingStep+CDHelpers.swift */ = {isa = PBXFileReference; lastKnownFileType = sourcecode.swift; path = "CookingStep+CDHelpers.swift"; sourceTree = "<group>"; };
		E343463427B9E4E2006D97B6 /* AddIngredientView.swift */ = {isa = PBXFileReference; lastKnownFileType = sourcecode.swift; path = AddIngredientView.swift; sourceTree = "<group>"; };
		E343463627B9F349006D97B6 /* AddInstructionView.swift */ = {isa = PBXFileReference; lastKnownFileType = sourcecode.swift; path = AddInstructionView.swift; sourceTree = "<group>"; };
		E368A8E627B6E49B00216E53 /* Kitchen Sink.app */ = {isa = PBXFileReference; explicitFileType = wrapper.application; includeInIndex = 0; path = "Kitchen Sink.app"; sourceTree = BUILT_PRODUCTS_DIR; };
		E368A8E927B6E49B00216E53 /* Kitchen_SinkApp.swift */ = {isa = PBXFileReference; lastKnownFileType = sourcecode.swift; path = Kitchen_SinkApp.swift; sourceTree = "<group>"; };
		E368A8EB27B6E49B00216E53 /* ContentView.swift */ = {isa = PBXFileReference; lastKnownFileType = sourcecode.swift; path = ContentView.swift; sourceTree = "<group>"; };
		E368A8ED27B6E49C00216E53 /* Assets.xcassets */ = {isa = PBXFileReference; lastKnownFileType = folder.assetcatalog; path = Assets.xcassets; sourceTree = "<group>"; };
		E368A8F027B6E49C00216E53 /* Preview Assets.xcassets */ = {isa = PBXFileReference; lastKnownFileType = folder.assetcatalog; path = "Preview Assets.xcassets"; sourceTree = "<group>"; };
		E368A8F227B6E49C00216E53 /* Persistence.swift */ = {isa = PBXFileReference; lastKnownFileType = sourcecode.swift; path = Persistence.swift; sourceTree = "<group>"; };
		E368A8F527B6E49C00216E53 /* Kitchen_Sink.xcdatamodel */ = {isa = PBXFileReference; lastKnownFileType = wrapper.xcdatamodel; path = Kitchen_Sink.xcdatamodel; sourceTree = "<group>"; };
		E368A8FB27B6E49C00216E53 /* Kitchen SinkTests.xctest */ = {isa = PBXFileReference; explicitFileType = wrapper.cfbundle; includeInIndex = 0; path = "Kitchen SinkTests.xctest"; sourceTree = BUILT_PRODUCTS_DIR; };
		E368A8FF27B6E49C00216E53 /* Kitchen_SinkTests.swift */ = {isa = PBXFileReference; lastKnownFileType = sourcecode.swift; path = Kitchen_SinkTests.swift; sourceTree = "<group>"; };
		E368A90527B6E49C00216E53 /* Kitchen SinkUITests.xctest */ = {isa = PBXFileReference; explicitFileType = wrapper.cfbundle; includeInIndex = 0; path = "Kitchen SinkUITests.xctest"; sourceTree = BUILT_PRODUCTS_DIR; };
		E368A90927B6E49C00216E53 /* Kitchen_SinkUITests.swift */ = {isa = PBXFileReference; lastKnownFileType = sourcecode.swift; path = Kitchen_SinkUITests.swift; sourceTree = "<group>"; };
		E368A90B27B6E49C00216E53 /* Kitchen_SinkUITestsLaunchTests.swift */ = {isa = PBXFileReference; lastKnownFileType = sourcecode.swift; path = Kitchen_SinkUITestsLaunchTests.swift; sourceTree = "<group>"; };
		E368A91C27B701CA00216E53 /* MealCategory.swift */ = {isa = PBXFileReference; lastKnownFileType = sourcecode.swift; path = MealCategory.swift; sourceTree = "<group>"; };
		E368A91F27B7036300216E53 /* RecipesView.swift */ = {isa = PBXFileReference; lastKnownFileType = sourcecode.swift; path = RecipesView.swift; sourceTree = "<group>"; };
		E368A92227B703A100216E53 /* MealPlanningView.swift */ = {isa = PBXFileReference; lastKnownFileType = sourcecode.swift; path = MealPlanningView.swift; sourceTree = "<group>"; };
		E368A92527B7041B00216E53 /* RecipeListItemView.swift */ = {isa = PBXFileReference; lastKnownFileType = sourcecode.swift; path = RecipeListItemView.swift; sourceTree = "<group>"; };
		E368A92727B704EE00216E53 /* RecipeThumbnailView.swift */ = {isa = PBXFileReference; lastKnownFileType = sourcecode.swift; path = RecipeThumbnailView.swift; sourceTree = "<group>"; };
		E3CA5C8327BC374200112D81 /* Color+AppColors.swift */ = {isa = PBXFileReference; lastKnownFileType = sourcecode.swift; path = "Color+AppColors.swift"; sourceTree = "<group>"; };
		E3CA5C8827BC56B400112D81 /* ImageDataPicker.swift */ = {isa = PBXFileReference; lastKnownFileType = sourcecode.swift; path = ImageDataPicker.swift; sourceTree = "<group>"; };
		E3DEEE1E27B72E2C009F10E8 /* Kitchen-Sink-Info.plist */ = {isa = PBXFileReference; lastKnownFileType = text.plist; path = "Kitchen-Sink-Info.plist"; sourceTree = SOURCE_ROOT; };
		E3DEEE1F27B94E12009F10E8 /* RecipesViewModel.swift */ = {isa = PBXFileReference; lastKnownFileType = sourcecode.swift; path = RecipesViewModel.swift; sourceTree = "<group>"; };
/* End PBXFileReference section */

/* Begin PBXFrameworksBuildPhase section */
		E368A8E327B6E49B00216E53 /* Frameworks */ = {
			isa = PBXFrameworksBuildPhase;
			buildActionMask = 2147483647;
			files = (
				E30E850727B7136A00A26839 /* CloudKit.framework in Frameworks */,
			);
			runOnlyForDeploymentPostprocessing = 0;
		};
		E368A8F827B6E49C00216E53 /* Frameworks */ = {
			isa = PBXFrameworksBuildPhase;
			buildActionMask = 2147483647;
			files = (
			);
			runOnlyForDeploymentPostprocessing = 0;
		};
		E368A90227B6E49C00216E53 /* Frameworks */ = {
			isa = PBXFrameworksBuildPhase;
			buildActionMask = 2147483647;
			files = (
			);
			runOnlyForDeploymentPostprocessing = 0;
		};
/* End PBXFrameworksBuildPhase section */

/* Begin PBXGroup section */
		E30E850527B7136A00A26839 /* Frameworks */ = {
			isa = PBXGroup;
			children = (
				E30E850627B7136A00A26839 /* CloudKit.framework */,
			);
			name = Frameworks;
			sourceTree = "<group>";
		};
		E334EEC827B70A21009C47B2 /* Recipe */ = {
			isa = PBXGroup;
			children = (
				E334EEC627B70893009C47B2 /* Recipe+CDHelpers.swift */,
				E343462627B9AC94006D97B6 /* RecipeRepository.swift */,
			);
			path = Recipe;
			sourceTree = "<group>";
		};
		E343462827B9B83F006D97B6 /* NewRecipe */ = {
			isa = PBXGroup;
			children = (
				E343462927B9B84E006D97B6 /* NewRecipeView.swift */,
				E343462B27B9B85C006D97B6 /* NewRecipeViewModel.swift */,
				E343463427B9E4E2006D97B6 /* AddIngredientView.swift */,
				E343463627B9F349006D97B6 /* AddInstructionView.swift */,
			);
			path = NewRecipe;
			sourceTree = "<group>";
		};
		E343462D27B9C104006D97B6 /* Ingredient */ = {
			isa = PBXGroup;
			children = (
				E343462E27B9C115006D97B6 /* Ingredient+CDHelpers.swift */,
			);
			path = Ingredient;
			sourceTree = "<group>";
		};
		E343463127B9C1CF006D97B6 /* CookingStep */ = {
			isa = PBXGroup;
			children = (
				E343463227B9C1E2006D97B6 /* CookingStep+CDHelpers.swift */,
			);
			path = CookingStep;
			sourceTree = "<group>";
		};
		E368A8DD27B6E49B00216E53 = {
			isa = PBXGroup;
			children = (
				E368A8E827B6E49B00216E53 /* Kitchen Sink */,
				E368A8FE27B6E49C00216E53 /* Kitchen SinkTests */,
				E368A90827B6E49C00216E53 /* Kitchen SinkUITests */,
				E368A8E727B6E49B00216E53 /* Products */,
				E30E850527B7136A00A26839 /* Frameworks */,
			);
			sourceTree = "<group>";
		};
		E368A8E727B6E49B00216E53 /* Products */ = {
			isa = PBXGroup;
			children = (
				E368A8E627B6E49B00216E53 /* Kitchen Sink.app */,
				E368A8FB27B6E49C00216E53 /* Kitchen SinkTests.xctest */,
				E368A90527B6E49C00216E53 /* Kitchen SinkUITests.xctest */,
			);
			name = Products;
			sourceTree = "<group>";
		};
		E368A8E827B6E49B00216E53 /* Kitchen Sink */ = {
			isa = PBXGroup;
			children = (
				E3CA5C8227BC373200112D81 /* Util */,
				E3DEEE1E27B72E2C009F10E8 /* Kitchen-Sink-Info.plist */,
				E368A91B27B6EC4600216E53 /* Resources */,
				E368A91A27B6EC2F00216E53 /* App */,
				E368A91927B6EC2600216E53 /* Model */,
				E368A91827B6EC1F00216E53 /* Views */,
				E368A8EF27B6E49C00216E53 /* Preview Content */,
			);
			path = "Kitchen Sink";
			sourceTree = "<group>";
		};
		E368A8EF27B6E49C00216E53 /* Preview Content */ = {
			isa = PBXGroup;
			children = (
				E368A8F027B6E49C00216E53 /* Preview Assets.xcassets */,
			);
			path = "Preview Content";
			sourceTree = "<group>";
		};
		E368A8FE27B6E49C00216E53 /* Kitchen SinkTests */ = {
			isa = PBXGroup;
			children = (
				E368A8FF27B6E49C00216E53 /* Kitchen_SinkTests.swift */,
			);
			path = "Kitchen SinkTests";
			sourceTree = "<group>";
		};
		E368A90827B6E49C00216E53 /* Kitchen SinkUITests */ = {
			isa = PBXGroup;
			children = (
				E368A90927B6E49C00216E53 /* Kitchen_SinkUITests.swift */,
				E368A90B27B6E49C00216E53 /* Kitchen_SinkUITestsLaunchTests.swift */,
			);
			path = "Kitchen SinkUITests";
			sourceTree = "<group>";
		};
		E368A91827B6EC1F00216E53 /* Views */ = {
			isa = PBXGroup;
			children = (
				E3CA5C8527BC567700112D81 /* ImagePicker */,
				E368A92127B7038F00216E53 /* MealPlanningViews */,
				E368A91E27B7032200216E53 /* RecipeViews */,
				E368A8EB27B6E49B00216E53 /* ContentView.swift */,
			);
			path = Views;
			sourceTree = "<group>";
		};
		E368A91927B6EC2600216E53 /* Model */ = {
			isa = PBXGroup;
			children = (
				E343463127B9C1CF006D97B6 /* CookingStep */,
				E343462D27B9C104006D97B6 /* Ingredient */,
				E334EEC827B70A21009C47B2 /* Recipe */,
				E368A8F427B6E49C00216E53 /* Kitchen-Sink.xcdatamodeld */,
				E368A8F227B6E49C00216E53 /* Persistence.swift */,
				E368A91C27B701CA00216E53 /* MealCategory.swift */,
			);
			path = Model;
			sourceTree = "<group>";
		};
		E368A91A27B6EC2F00216E53 /* App */ = {
			isa = PBXGroup;
			children = (
				E368A8E927B6E49B00216E53 /* Kitchen_SinkApp.swift */,
			);
			path = App;
			sourceTree = "<group>";
		};
		E368A91B27B6EC4600216E53 /* Resources */ = {
			isa = PBXGroup;
			children = (
				E368A8ED27B6E49C00216E53 /* Assets.xcassets */,
			);
			path = Resources;
			sourceTree = "<group>";
		};
		E368A91E27B7032200216E53 /* RecipeViews */ = {
			isa = PBXGroup;
			children = (
				E343462827B9B83F006D97B6 /* NewRecipe */,
				E368A91F27B7036300216E53 /* RecipesView.swift */,
				E368A92527B7041B00216E53 /* RecipeListItemView.swift */,
				E368A92727B704EE00216E53 /* RecipeThumbnailView.swift */,
				E3DEEE1F27B94E12009F10E8 /* RecipesViewModel.swift */,
				E343462427B96499006D97B6 /* RecipeDetailView.swift */,
			);
			path = RecipeViews;
			sourceTree = "<group>";
		};
		E368A92127B7038F00216E53 /* MealPlanningViews */ = {
			isa = PBXGroup;
			children = (
				E368A92227B703A100216E53 /* MealPlanningView.swift */,
			);
			path = MealPlanningViews;
			sourceTree = "<group>";
		};
		E3CA5C8227BC373200112D81 /* Util */ = {
			isa = PBXGroup;
			children = (
				E3CA5C8327BC374200112D81 /* Color+AppColors.swift */,
			);
			path = Util;
			sourceTree = "<group>";
		};
		E3CA5C8527BC567700112D81 /* ImagePicker */ = {
			isa = PBXGroup;
			children = (
				E3CA5C8827BC56B400112D81 /* ImageDataPicker.swift */,
			);
			path = ImagePicker;
			sourceTree = "<group>";
		};
/* End PBXGroup section */

/* Begin PBXNativeTarget section */
		E368A8E527B6E49B00216E53 /* Kitchen Sink */ = {
			isa = PBXNativeTarget;
			buildConfigurationList = E368A90F27B6E49C00216E53 /* Build configuration list for PBXNativeTarget "Kitchen Sink" */;
			buildPhases = (
				E368A8E227B6E49B00216E53 /* Sources */,
				E368A8E327B6E49B00216E53 /* Frameworks */,
				E368A8E427B6E49B00216E53 /* Resources */,
			);
			buildRules = (
			);
			dependencies = (
			);
			name = "Kitchen Sink";
			productName = "Kitchen Sink";
			productReference = E368A8E627B6E49B00216E53 /* Kitchen Sink.app */;
			productType = "com.apple.product-type.application";
		};
		E368A8FA27B6E49C00216E53 /* Kitchen SinkTests */ = {
			isa = PBXNativeTarget;
			buildConfigurationList = E368A91227B6E49C00216E53 /* Build configuration list for PBXNativeTarget "Kitchen SinkTests" */;
			buildPhases = (
				E368A8F727B6E49C00216E53 /* Sources */,
				E368A8F827B6E49C00216E53 /* Frameworks */,
				E368A8F927B6E49C00216E53 /* Resources */,
			);
			buildRules = (
			);
			dependencies = (
				E368A8FD27B6E49C00216E53 /* PBXTargetDependency */,
			);
			name = "Kitchen SinkTests";
			productName = "Kitchen SinkTests";
			productReference = E368A8FB27B6E49C00216E53 /* Kitchen SinkTests.xctest */;
			productType = "com.apple.product-type.bundle.unit-test";
		};
		E368A90427B6E49C00216E53 /* Kitchen SinkUITests */ = {
			isa = PBXNativeTarget;
			buildConfigurationList = E368A91527B6E49C00216E53 /* Build configuration list for PBXNativeTarget "Kitchen SinkUITests" */;
			buildPhases = (
				E368A90127B6E49C00216E53 /* Sources */,
				E368A90227B6E49C00216E53 /* Frameworks */,
				E368A90327B6E49C00216E53 /* Resources */,
			);
			buildRules = (
			);
			dependencies = (
				E368A90727B6E49C00216E53 /* PBXTargetDependency */,
			);
			name = "Kitchen SinkUITests";
			productName = "Kitchen SinkUITests";
			productReference = E368A90527B6E49C00216E53 /* Kitchen SinkUITests.xctest */;
			productType = "com.apple.product-type.bundle.ui-testing";
		};
/* End PBXNativeTarget section */

/* Begin PBXProject section */
		E368A8DE27B6E49B00216E53 /* Project object */ = {
			isa = PBXProject;
			attributes = {
				BuildIndependentTargetsInParallel = 1;
				LastSwiftUpdateCheck = 1320;
				LastUpgradeCheck = 1320;
				TargetAttributes = {
					E368A8E527B6E49B00216E53 = {
						CreatedOnToolsVersion = 13.2.1;
					};
					E368A8FA27B6E49C00216E53 = {
						CreatedOnToolsVersion = 13.2.1;
						TestTargetID = E368A8E527B6E49B00216E53;
					};
					E368A90427B6E49C00216E53 = {
						CreatedOnToolsVersion = 13.2.1;
						TestTargetID = E368A8E527B6E49B00216E53;
					};
				};
			};
			buildConfigurationList = E368A8E127B6E49B00216E53 /* Build configuration list for PBXProject "Kitchen Sink" */;
			compatibilityVersion = "Xcode 13.0";
			developmentRegion = en;
			hasScannedForEncodings = 0;
			knownRegions = (
				en,
				Base,
			);
			mainGroup = E368A8DD27B6E49B00216E53;
			productRefGroup = E368A8E727B6E49B00216E53 /* Products */;
			projectDirPath = "";
			projectRoot = "";
			targets = (
				E368A8E527B6E49B00216E53 /* Kitchen Sink */,
				E368A8FA27B6E49C00216E53 /* Kitchen SinkTests */,
				E368A90427B6E49C00216E53 /* Kitchen SinkUITests */,
			);
		};
/* End PBXProject section */

/* Begin PBXResourcesBuildPhase section */
		E368A8E427B6E49B00216E53 /* Resources */ = {
			isa = PBXResourcesBuildPhase;
			buildActionMask = 2147483647;
			files = (
				E368A8F127B6E49C00216E53 /* Preview Assets.xcassets in Resources */,
				E368A8EE27B6E49C00216E53 /* Assets.xcassets in Resources */,
			);
			runOnlyForDeploymentPostprocessing = 0;
		};
		E368A8F927B6E49C00216E53 /* Resources */ = {
			isa = PBXResourcesBuildPhase;
			buildActionMask = 2147483647;
			files = (
			);
			runOnlyForDeploymentPostprocessing = 0;
		};
		E368A90327B6E49C00216E53 /* Resources */ = {
			isa = PBXResourcesBuildPhase;
			buildActionMask = 2147483647;
			files = (
			);
			runOnlyForDeploymentPostprocessing = 0;
		};
/* End PBXResourcesBuildPhase section */

/* Begin PBXSourcesBuildPhase section */
		E368A8E227B6E49B00216E53 /* Sources */ = {
			isa = PBXSourcesBuildPhase;
			buildActionMask = 2147483647;
			files = (
				E334EEC727B70893009C47B2 /* Recipe+CDHelpers.swift in Sources */,
				E368A8F327B6E49C00216E53 /* Persistence.swift in Sources */,
				E343462C27B9B85C006D97B6 /* NewRecipeViewModel.swift in Sources */,
				E343462F27B9C115006D97B6 /* Ingredient+CDHelpers.swift in Sources */,
				E368A92627B7041B00216E53 /* RecipeListItemView.swift in Sources */,
				E3DEEE2027B94E12009F10E8 /* RecipesViewModel.swift in Sources */,
				E343463727B9F349006D97B6 /* AddInstructionView.swift in Sources */,
				E343463327B9C1E2006D97B6 /* CookingStep+CDHelpers.swift in Sources */,
				E368A8EC27B6E49B00216E53 /* ContentView.swift in Sources */,
				E3CA5C8427BC374200112D81 /* Color+AppColors.swift in Sources */,
				E368A92327B703A100216E53 /* MealPlanningView.swift in Sources */,
				E368A91D27B701CA00216E53 /* MealCategory.swift in Sources */,
				E343462527B96499006D97B6 /* RecipeDetailView.swift in Sources */,
				E343463527B9E4E2006D97B6 /* AddIngredientView.swift in Sources */,
				E368A92827B704EE00216E53 /* RecipeThumbnailView.swift in Sources */,
				E368A8EA27B6E49B00216E53 /* Kitchen_SinkApp.swift in Sources */,
				E3CA5C8927BC56B400112D81 /* ImageDataPicker.swift in Sources */,
				E343462727B9AC94006D97B6 /* RecipeRepository.swift in Sources */,
				E343462A27B9B84E006D97B6 /* NewRecipeView.swift in Sources */,
				E368A92027B7036300216E53 /* RecipesView.swift in Sources */,
				E368A8F627B6E49C00216E53 /* Kitchen-Sink.xcdatamodeld in Sources */,
			);
			runOnlyForDeploymentPostprocessing = 0;
		};
		E368A8F727B6E49C00216E53 /* Sources */ = {
			isa = PBXSourcesBuildPhase;
			buildActionMask = 2147483647;
			files = (
				E368A90027B6E49C00216E53 /* Kitchen_SinkTests.swift in Sources */,
			);
			runOnlyForDeploymentPostprocessing = 0;
		};
		E368A90127B6E49C00216E53 /* Sources */ = {
			isa = PBXSourcesBuildPhase;
			buildActionMask = 2147483647;
			files = (
				E368A90C27B6E49C00216E53 /* Kitchen_SinkUITestsLaunchTests.swift in Sources */,
				E368A90A27B6E49C00216E53 /* Kitchen_SinkUITests.swift in Sources */,
			);
			runOnlyForDeploymentPostprocessing = 0;
		};
/* End PBXSourcesBuildPhase section */

/* Begin PBXTargetDependency section */
		E368A8FD27B6E49C00216E53 /* PBXTargetDependency */ = {
			isa = PBXTargetDependency;
			target = E368A8E527B6E49B00216E53 /* Kitchen Sink */;
			targetProxy = E368A8FC27B6E49C00216E53 /* PBXContainerItemProxy */;
		};
		E368A90727B6E49C00216E53 /* PBXTargetDependency */ = {
			isa = PBXTargetDependency;
			target = E368A8E527B6E49B00216E53 /* Kitchen Sink */;
			targetProxy = E368A90627B6E49C00216E53 /* PBXContainerItemProxy */;
		};
/* End PBXTargetDependency section */

/* Begin XCBuildConfiguration section */
		E368A90D27B6E49C00216E53 /* Debug */ = {
			isa = XCBuildConfiguration;
			buildSettings = {
				ALWAYS_SEARCH_USER_PATHS = NO;
				CLANG_ANALYZER_NONNULL = YES;
				CLANG_ANALYZER_NUMBER_OBJECT_CONVERSION = YES_AGGRESSIVE;
				CLANG_CXX_LANGUAGE_STANDARD = "gnu++17";
				CLANG_CXX_LIBRARY = "libc++";
				CLANG_ENABLE_MODULES = YES;
				CLANG_ENABLE_OBJC_ARC = YES;
				CLANG_ENABLE_OBJC_WEAK = YES;
				CLANG_WARN_BLOCK_CAPTURE_AUTORELEASING = YES;
				CLANG_WARN_BOOL_CONVERSION = YES;
				CLANG_WARN_COMMA = YES;
				CLANG_WARN_CONSTANT_CONVERSION = YES;
				CLANG_WARN_DEPRECATED_OBJC_IMPLEMENTATIONS = YES;
				CLANG_WARN_DIRECT_OBJC_ISA_USAGE = YES_ERROR;
				CLANG_WARN_DOCUMENTATION_COMMENTS = YES;
				CLANG_WARN_EMPTY_BODY = YES;
				CLANG_WARN_ENUM_CONVERSION = YES;
				CLANG_WARN_INFINITE_RECURSION = YES;
				CLANG_WARN_INT_CONVERSION = YES;
				CLANG_WARN_NON_LITERAL_NULL_CONVERSION = YES;
				CLANG_WARN_OBJC_IMPLICIT_RETAIN_SELF = YES;
				CLANG_WARN_OBJC_LITERAL_CONVERSION = YES;
				CLANG_WARN_OBJC_ROOT_CLASS = YES_ERROR;
				CLANG_WARN_QUOTED_INCLUDE_IN_FRAMEWORK_HEADER = YES;
				CLANG_WARN_RANGE_LOOP_ANALYSIS = YES;
				CLANG_WARN_STRICT_PROTOTYPES = YES;
				CLANG_WARN_SUSPICIOUS_MOVE = YES;
				CLANG_WARN_UNGUARDED_AVAILABILITY = YES_AGGRESSIVE;
				CLANG_WARN_UNREACHABLE_CODE = YES;
				CLANG_WARN__DUPLICATE_METHOD_MATCH = YES;
				COPY_PHASE_STRIP = NO;
				DEBUG_INFORMATION_FORMAT = dwarf;
				ENABLE_STRICT_OBJC_MSGSEND = YES;
				ENABLE_TESTABILITY = YES;
				GCC_C_LANGUAGE_STANDARD = gnu11;
				GCC_DYNAMIC_NO_PIC = NO;
				GCC_NO_COMMON_BLOCKS = YES;
				GCC_OPTIMIZATION_LEVEL = 0;
				GCC_PREPROCESSOR_DEFINITIONS = (
					"DEBUG=1",
					"$(inherited)",
				);
				GCC_WARN_64_TO_32_BIT_CONVERSION = YES;
				GCC_WARN_ABOUT_RETURN_TYPE = YES_ERROR;
				GCC_WARN_UNDECLARED_SELECTOR = YES;
				GCC_WARN_UNINITIALIZED_AUTOS = YES_AGGRESSIVE;
				GCC_WARN_UNUSED_FUNCTION = YES;
				GCC_WARN_UNUSED_VARIABLE = YES;
				IPHONEOS_DEPLOYMENT_TARGET = 15.2;
				MTL_ENABLE_DEBUG_INFO = INCLUDE_SOURCE;
				MTL_FAST_MATH = YES;
				ONLY_ACTIVE_ARCH = YES;
				SDKROOT = iphoneos;
				SWIFT_ACTIVE_COMPILATION_CONDITIONS = DEBUG;
				SWIFT_OPTIMIZATION_LEVEL = "-Onone";
			};
			name = Debug;
		};
		E368A90E27B6E49C00216E53 /* Release */ = {
			isa = XCBuildConfiguration;
			buildSettings = {
				ALWAYS_SEARCH_USER_PATHS = NO;
				CLANG_ANALYZER_NONNULL = YES;
				CLANG_ANALYZER_NUMBER_OBJECT_CONVERSION = YES_AGGRESSIVE;
				CLANG_CXX_LANGUAGE_STANDARD = "gnu++17";
				CLANG_CXX_LIBRARY = "libc++";
				CLANG_ENABLE_MODULES = YES;
				CLANG_ENABLE_OBJC_ARC = YES;
				CLANG_ENABLE_OBJC_WEAK = YES;
				CLANG_WARN_BLOCK_CAPTURE_AUTORELEASING = YES;
				CLANG_WARN_BOOL_CONVERSION = YES;
				CLANG_WARN_COMMA = YES;
				CLANG_WARN_CONSTANT_CONVERSION = YES;
				CLANG_WARN_DEPRECATED_OBJC_IMPLEMENTATIONS = YES;
				CLANG_WARN_DIRECT_OBJC_ISA_USAGE = YES_ERROR;
				CLANG_WARN_DOCUMENTATION_COMMENTS = YES;
				CLANG_WARN_EMPTY_BODY = YES;
				CLANG_WARN_ENUM_CONVERSION = YES;
				CLANG_WARN_INFINITE_RECURSION = YES;
				CLANG_WARN_INT_CONVERSION = YES;
				CLANG_WARN_NON_LITERAL_NULL_CONVERSION = YES;
				CLANG_WARN_OBJC_IMPLICIT_RETAIN_SELF = YES;
				CLANG_WARN_OBJC_LITERAL_CONVERSION = YES;
				CLANG_WARN_OBJC_ROOT_CLASS = YES_ERROR;
				CLANG_WARN_QUOTED_INCLUDE_IN_FRAMEWORK_HEADER = YES;
				CLANG_WARN_RANGE_LOOP_ANALYSIS = YES;
				CLANG_WARN_STRICT_PROTOTYPES = YES;
				CLANG_WARN_SUSPICIOUS_MOVE = YES;
				CLANG_WARN_UNGUARDED_AVAILABILITY = YES_AGGRESSIVE;
				CLANG_WARN_UNREACHABLE_CODE = YES;
				CLANG_WARN__DUPLICATE_METHOD_MATCH = YES;
				COPY_PHASE_STRIP = NO;
				DEBUG_INFORMATION_FORMAT = "dwarf-with-dsym";
				ENABLE_NS_ASSERTIONS = NO;
				ENABLE_STRICT_OBJC_MSGSEND = YES;
				GCC_C_LANGUAGE_STANDARD = gnu11;
				GCC_NO_COMMON_BLOCKS = YES;
				GCC_WARN_64_TO_32_BIT_CONVERSION = YES;
				GCC_WARN_ABOUT_RETURN_TYPE = YES_ERROR;
				GCC_WARN_UNDECLARED_SELECTOR = YES;
				GCC_WARN_UNINITIALIZED_AUTOS = YES_AGGRESSIVE;
				GCC_WARN_UNUSED_FUNCTION = YES;
				GCC_WARN_UNUSED_VARIABLE = YES;
				IPHONEOS_DEPLOYMENT_TARGET = 15.2;
				MTL_ENABLE_DEBUG_INFO = NO;
				MTL_FAST_MATH = YES;
				SDKROOT = iphoneos;
				SWIFT_COMPILATION_MODE = wholemodule;
				SWIFT_OPTIMIZATION_LEVEL = "-O";
				VALIDATE_PRODUCT = YES;
			};
			name = Release;
		};
		E368A91027B6E49C00216E53 /* Debug */ = {
			isa = XCBuildConfiguration;
			buildSettings = {
				ASSETCATALOG_COMPILER_APPICON_NAME = AppIcon;
				ASSETCATALOG_COMPILER_GLOBAL_ACCENT_COLOR_NAME = AccentColor;
				CODE_SIGN_ENTITLEMENTS = "Kitchen Sink/Kitchen Sink.entitlements";
				CODE_SIGN_STYLE = Automatic;
				CURRENT_PROJECT_VERSION = 1;
				DEVELOPMENT_ASSET_PATHS = "\"Kitchen Sink/Preview Content\"";
				DEVELOPMENT_TEAM = UR55Z4WBJ2;
				ENABLE_PREVIEWS = YES;
				GENERATE_INFOPLIST_FILE = YES;
				INFOPLIST_FILE = "Kitchen-Sink-Info.plist";
				INFOPLIST_KEY_UIApplicationSceneManifest_Generation = YES;
				INFOPLIST_KEY_UIApplicationSupportsIndirectInputEvents = YES;
				INFOPLIST_KEY_UILaunchScreen_Generation = YES;
				INFOPLIST_KEY_UISupportedInterfaceOrientations_iPad = "UIInterfaceOrientationPortrait UIInterfaceOrientationPortraitUpsideDown UIInterfaceOrientationLandscapeLeft UIInterfaceOrientationLandscapeRight";
				INFOPLIST_KEY_UISupportedInterfaceOrientations_iPhone = "UIInterfaceOrientationPortrait UIInterfaceOrientationLandscapeLeft UIInterfaceOrientationLandscapeRight";
				LD_RUNPATH_SEARCH_PATHS = (
					"$(inherited)",
					"@executable_path/Frameworks",
				);
				MARKETING_VERSION = 1.0;
				PRODUCT_BUNDLE_IDENTIFIER = "com.pricetecdesigns.Kitchen-Sink";
				PRODUCT_NAME = "$(TARGET_NAME)";
				SWIFT_EMIT_LOC_STRINGS = YES;
				SWIFT_VERSION = 5.0;
				TARGETED_DEVICE_FAMILY = "1,2";
			};
			name = Debug;
		};
		E368A91127B6E49C00216E53 /* Release */ = {
			isa = XCBuildConfiguration;
			buildSettings = {
				ASSETCATALOG_COMPILER_APPICON_NAME = AppIcon;
				ASSETCATALOG_COMPILER_GLOBAL_ACCENT_COLOR_NAME = AccentColor;
				CODE_SIGN_ENTITLEMENTS = "Kitchen Sink/Kitchen Sink.entitlements";
				CODE_SIGN_IDENTITY = "Apple Development";
				CODE_SIGN_STYLE = Automatic;
				CURRENT_PROJECT_VERSION = 1;
				DEVELOPMENT_ASSET_PATHS = "\"Kitchen Sink/Preview Content\"";
				DEVELOPMENT_TEAM = UR55Z4WBJ2;
				ENABLE_PREVIEWS = YES;
				GENERATE_INFOPLIST_FILE = YES;
				INFOPLIST_FILE = "Kitchen-Sink-Info.plist";
				INFOPLIST_KEY_UIApplicationSceneManifest_Generation = YES;
				INFOPLIST_KEY_UIApplicationSupportsIndirectInputEvents = YES;
				INFOPLIST_KEY_UILaunchScreen_Generation = YES;
				INFOPLIST_KEY_UISupportedInterfaceOrientations_iPad = "UIInterfaceOrientationPortrait UIInterfaceOrientationPortraitUpsideDown UIInterfaceOrientationLandscapeLeft UIInterfaceOrientationLandscapeRight";
				INFOPLIST_KEY_UISupportedInterfaceOrientations_iPhone = "UIInterfaceOrientationPortrait UIInterfaceOrientationLandscapeLeft UIInterfaceOrientationLandscapeRight";
				LD_RUNPATH_SEARCH_PATHS = (
					"$(inherited)",
					"@executable_path/Frameworks",
				);
				MARKETING_VERSION = 1.0;
				PRODUCT_BUNDLE_IDENTIFIER = "com.pricetecdesigns.Kitchen-Sink";
				PRODUCT_NAME = "$(TARGET_NAME)";
				PROVISIONING_PROFILE_SPECIFIER = "";
				SWIFT_EMIT_LOC_STRINGS = YES;
				SWIFT_VERSION = 5.0;
				TARGETED_DEVICE_FAMILY = "1,2";
			};
			name = Release;
		};
		E368A91327B6E49C00216E53 /* Debug */ = {
			isa = XCBuildConfiguration;
			buildSettings = {
				ALWAYS_EMBED_SWIFT_STANDARD_LIBRARIES = YES;
				BUNDLE_LOADER = "$(TEST_HOST)";
				CODE_SIGN_STYLE = Automatic;
				CURRENT_PROJECT_VERSION = 1;
				DEVELOPMENT_TEAM = TRWYZU92N2;
				GENERATE_INFOPLIST_FILE = YES;
				IPHONEOS_DEPLOYMENT_TARGET = 15.2;
				MARKETING_VERSION = 1.0;
				PRODUCT_BUNDLE_IDENTIFIER = "com.pricetec..Kitchen-SinkTests";
				PRODUCT_NAME = "$(TARGET_NAME)";
				SWIFT_EMIT_LOC_STRINGS = NO;
				SWIFT_VERSION = 5.0;
				TARGETED_DEVICE_FAMILY = "1,2";
				TEST_HOST = "$(BUILT_PRODUCTS_DIR)/Kitchen Sink.app/Kitchen Sink";
			};
			name = Debug;
		};
		E368A91427B6E49C00216E53 /* Release */ = {
			isa = XCBuildConfiguration;
			buildSettings = {
				ALWAYS_EMBED_SWIFT_STANDARD_LIBRARIES = YES;
				BUNDLE_LOADER = "$(TEST_HOST)";
				CODE_SIGN_STYLE = Automatic;
				CURRENT_PROJECT_VERSION = 1;
				DEVELOPMENT_TEAM = TRWYZU92N2;
				GENERATE_INFOPLIST_FILE = YES;
				IPHONEOS_DEPLOYMENT_TARGET = 15.2;
				MARKETING_VERSION = 1.0;
				PRODUCT_BUNDLE_IDENTIFIER = "com.pricetec..Kitchen-SinkTests";
				PRODUCT_NAME = "$(TARGET_NAME)";
				SWIFT_EMIT_LOC_STRINGS = NO;
				SWIFT_VERSION = 5.0;
				TARGETED_DEVICE_FAMILY = "1,2";
				TEST_HOST = "$(BUILT_PRODUCTS_DIR)/Kitchen Sink.app/Kitchen Sink";
			};
			name = Release;
		};
		E368A91627B6E49C00216E53 /* Debug */ = {
			isa = XCBuildConfiguration;
			buildSettings = {
				ALWAYS_EMBED_SWIFT_STANDARD_LIBRARIES = YES;
				CODE_SIGN_STYLE = Automatic;
				CURRENT_PROJECT_VERSION = 1;
				DEVELOPMENT_TEAM = TRWYZU92N2;
				GENERATE_INFOPLIST_FILE = YES;
				MARKETING_VERSION = 1.0;
				PRODUCT_BUNDLE_IDENTIFIER = "com.pricetec..Kitchen-SinkUITests";
				PRODUCT_NAME = "$(TARGET_NAME)";
				SWIFT_EMIT_LOC_STRINGS = NO;
				SWIFT_VERSION = 5.0;
				TARGETED_DEVICE_FAMILY = "1,2";
				TEST_TARGET_NAME = "Kitchen Sink";
			};
			name = Debug;
		};
		E368A91727B6E49C00216E53 /* Release */ = {
			isa = XCBuildConfiguration;
			buildSettings = {
				ALWAYS_EMBED_SWIFT_STANDARD_LIBRARIES = YES;
				CODE_SIGN_STYLE = Automatic;
				CURRENT_PROJECT_VERSION = 1;
				DEVELOPMENT_TEAM = TRWYZU92N2;
				GENERATE_INFOPLIST_FILE = YES;
				MARKETING_VERSION = 1.0;
				PRODUCT_BUNDLE_IDENTIFIER = "com.pricetec..Kitchen-SinkUITests";
				PRODUCT_NAME = "$(TARGET_NAME)";
				SWIFT_EMIT_LOC_STRINGS = NO;
				SWIFT_VERSION = 5.0;
				TARGETED_DEVICE_FAMILY = "1,2";
				TEST_TARGET_NAME = "Kitchen Sink";
			};
			name = Release;
		};
/* End XCBuildConfiguration section */

/* Begin XCConfigurationList section */
		E368A8E127B6E49B00216E53 /* Build configuration list for PBXProject "Kitchen Sink" */ = {
			isa = XCConfigurationList;
			buildConfigurations = (
				E368A90D27B6E49C00216E53 /* Debug */,
				E368A90E27B6E49C00216E53 /* Release */,
			);
			defaultConfigurationIsVisible = 0;
			defaultConfigurationName = Release;
		};
		E368A90F27B6E49C00216E53 /* Build configuration list for PBXNativeTarget "Kitchen Sink" */ = {
			isa = XCConfigurationList;
			buildConfigurations = (
				E368A91027B6E49C00216E53 /* Debug */,
				E368A91127B6E49C00216E53 /* Release */,
			);
			defaultConfigurationIsVisible = 0;
			defaultConfigurationName = Release;
		};
		E368A91227B6E49C00216E53 /* Build configuration list for PBXNativeTarget "Kitchen SinkTests" */ = {
			isa = XCConfigurationList;
			buildConfigurations = (
				E368A91327B6E49C00216E53 /* Debug */,
				E368A91427B6E49C00216E53 /* Release */,
			);
			defaultConfigurationIsVisible = 0;
			defaultConfigurationName = Release;
		};
		E368A91527B6E49C00216E53 /* Build configuration list for PBXNativeTarget "Kitchen SinkUITests" */ = {
			isa = XCConfigurationList;
			buildConfigurations = (
				E368A91627B6E49C00216E53 /* Debug */,
				E368A91727B6E49C00216E53 /* Release */,
			);
			defaultConfigurationIsVisible = 0;
			defaultConfigurationName = Release;
		};
/* End XCConfigurationList section */

/* Begin XCVersionGroup section */
		E368A8F427B6E49C00216E53 /* Kitchen-Sink.xcdatamodeld */ = {
			isa = XCVersionGroup;
			children = (
				E368A8F527B6E49C00216E53 /* Kitchen_Sink.xcdatamodel */,
			);
			currentVersion = E368A8F527B6E49C00216E53 /* Kitchen_Sink.xcdatamodel */;
			path = "Kitchen-Sink.xcdatamodeld";
			sourceTree = "<group>";
			versionGroupType = wrapper.xcdatamodel;
		};
/* End XCVersionGroup section */
	};
	rootObject = E368A8DE27B6E49B00216E53 /* Project object */;
}
